
Microsoft Visual Studio Solution File, Format Version 12.00
# Visual Studio Version 17
VisualStudioVersion = 17.8.34330.188
MinimumVisualStudioVersion = 10.0.40219.1
Project("{FAE04EC0-301F-11D3-BF4B-00C04F79EFBC}") = "Assignment02 C#", "Assignment02 C#\Assignment02 C#.csproj", "{691D1E85-30DF-4407-AD3E-B1F71375AA7D}"
EndProject
Global
	GlobalSection(SolutionConfigurationPlatforms) = preSolution
		Debug|Any CPU = Debug|Any CPU
		Release|Any CPU = Release|Any CPU
	EndGlobalSection
	GlobalSection(ProjectConfigurationPlatforms) = postSolution
		{691D1E85-30DF-4407-AD3E-B1F71375AA7D}.Debug|Any CPU.ActiveCfg = Debug|Any CPU
		{691D1E85-30DF-4407-AD3E-B1F71375AA7D}.Debug|Any CPU.Build.0 = Debug|Any CPU
		{691D1E85-30DF-4407-AD3E-B1F71375AA7D}.Release|Any CPU.ActiveCfg = Release|Any CPU
		{691D1E85-30DF-4407-AD3E-B1F71375AA7D}.Release|Any CPU.Build.0 = Release|Any CPU
	EndGlobalSection
	GlobalSection(SolutionProperties) = preSolution
		HideSolutionNode = FALSE
	EndGlobalSection
	GlobalSection(ExtensibilityGlobals) = postSolution
		SolutionGuid = {D9EA00D3-11AD-40E7-9515-77084FBDE169}
	EndGlobalSection
EndGlobal
